
Microsoft Visual Studio Solution File, Format Version 12.00
# Visual Studio Version 16
VisualStudioVersion = 16.0.32802.440
MinimumVisualStudioVersion = 10.0.40219.1
Project("{9A19103F-16F7-4668-BE54-9A1E7A4F7556}") = "NetCore", "NetCore.csproj", "{E273EFF9-8E71-493D-B21D-01DB67D8EE3F}"
EndProject
Project("{9A19103F-16F7-4668-BE54-9A1E7A4F7556}") = "EntityLayer", "..\EntityLayer\EntityLayer.csproj", "{5A25A5ED-DBC0-476F-853A-3C17283F84BB}"
EndProject
Project("{9A19103F-16F7-4668-BE54-9A1E7A4F7556}") = "DataAccessLayer", "..\Data Acces Layer\DataAccessLayer.csproj", "{9DAEDB01-C23D-4FF5-9C6D-02A363D1618B}"
EndProject
Project("{9A19103F-16F7-4668-BE54-9A1E7A4F7556}") = "BusinessLayer", "..\BusinessLayer\BusinessLayer.csproj", "{193F6FFE-4E41-413C-B57E-A0FAE33280F1}"
EndProject
Project("{FAE04EC0-301F-11D3-BF4B-00C04F79EFBC}") = "BlogApi", "..\BlogApi\BlogApi.csproj", "{B95B022D-48EC-4853-A0BD-50540365ED34}"
EndProject
Global
	GlobalSection(SolutionConfigurationPlatforms) = preSolution
		Debug|Any CPU = Debug|Any CPU
		Release|Any CPU = Release|Any CPU
	EndGlobalSection
	GlobalSection(ProjectConfigurationPlatforms) = postSolution
		{E273EFF9-8E71-493D-B21D-01DB67D8EE3F}.Debug|Any CPU.ActiveCfg = Debug|Any CPU
		{E273EFF9-8E71-493D-B21D-01DB67D8EE3F}.Debug|Any CPU.Build.0 = Debug|Any CPU
		{E273EFF9-8E71-493D-B21D-01DB67D8EE3F}.Release|Any CPU.ActiveCfg = Release|Any CPU
		{E273EFF9-8E71-493D-B21D-01DB67D8EE3F}.Release|Any CPU.Build.0 = Release|Any CPU
		{5A25A5ED-DBC0-476F-853A-3C17283F84BB}.Debug|Any CPU.ActiveCfg = Debug|Any CPU
		{5A25A5ED-DBC0-476F-853A-3C17283F84BB}.Debug|Any CPU.Build.0 = Debug|Any CPU
		{5A25A5ED-DBC0-476F-853A-3C17283F84BB}.Release|Any CPU.ActiveCfg = Release|Any CPU
		{5A25A5ED-DBC0-476F-853A-3C17283F84BB}.Release|Any CPU.Build.0 = Release|Any CPU
		{9DAEDB01-C23D-4FF5-9C6D-02A363D1618B}.Debug|Any CPU.ActiveCfg = Debug|Any CPU
		{9DAEDB01-C23D-4FF5-9C6D-02A363D1618B}.Debug|Any CPU.Build.0 = Debug|Any CPU
		{9DAEDB01-C23D-4FF5-9C6D-02A363D1618B}.Release|Any CPU.ActiveCfg = Release|Any CPU
		{9DAEDB01-C23D-4FF5-9C6D-02A363D1618B}.Release|Any CPU.Build.0 = Release|Any CPU
		{193F6FFE-4E41-413C-B57E-A0FAE33280F1}.Debug|Any CPU.ActiveCfg = Debug|Any CPU
		{193F6FFE-4E41-413C-B57E-A0FAE33280F1}.Debug|Any CPU.Build.0 = Debug|Any CPU
		{193F6FFE-4E41-413C-B57E-A0FAE33280F1}.Release|Any CPU.ActiveCfg = Release|Any CPU
		{193F6FFE-4E41-413C-B57E-A0FAE33280F1}.Release|Any CPU.Build.0 = Release|Any CPU
		{B95B022D-48EC-4853-A0BD-50540365ED34}.Debug|Any CPU.ActiveCfg = Debug|Any CPU
		{B95B022D-48EC-4853-A0BD-50540365ED34}.Debug|Any CPU.Build.0 = Debug|Any CPU
		{B95B022D-48EC-4853-A0BD-50540365ED34}.Release|Any CPU.ActiveCfg = Release|Any CPU
		{B95B022D-48EC-4853-A0BD-50540365ED34}.Release|Any CPU.Build.0 = Release|Any CPU
	EndGlobalSection
	GlobalSection(SolutionProperties) = preSolution
		HideSolutionNode = FALSE
	EndGlobalSection
	GlobalSection(ExtensibilityGlobals) = postSolution
		SolutionGuid = {CD15E1F1-22AF-4736-8555-701430C24078}
	EndGlobalSection
EndGlobal
